
Microsoft Visual Studio Solution File, Format Version 12.00
# Visual Studio Version 17
VisualStudioVersion = 17.4.33103.184
MinimumVisualStudioVersion = 10.0.40219.1
Project("{9A19103F-16F7-4668-BE54-9A1E7A4F7556}") = "SistemaDeVentasCoder", "SistemaDeVentasCoder\SistemaDeVentasCoder.csproj", "{7952AB49-9355-42C1-8CCA-4DF7546AC9F3}"
EndProject
Project("{2150E333-8FDC-42A3-9474-1A3956D46DE8}") = "BackEnd", "BackEnd", "{41A5C9D7-65FC-4914-B70D-A95069F1F4FB}"
EndProject
Project("{2150E333-8FDC-42A3-9474-1A3956D46DE8}") = "FrontEnd", "FrontEnd", "{2B6B66D1-5CF7-4206-9D27-197FBA5095A4}"
EndProject
Project("{E24C65DC-7377-472B-9ABA-BC803B73C61A}") = "frontend_SistemaDeVentasCoder", "..\..\..\OneDrive\Escritorio\front\frontend_SistemaDeVentasCoder\", "{B992F5F0-17B7-4B19-836A-643066E93933}"
	ProjectSection(WebsiteProperties) = preProject
		TargetFrameworkMoniker = ".NETFramework,Version%3Dv4.0"
		Debug.AspNetCompiler.VirtualPath = "/localhost_64816"
		Debug.AspNetCompiler.PhysicalPath = "..\..\..\OneDrive\Escritorio\front\frontend_SistemaDeVentasCoder\"
		Debug.AspNetCompiler.TargetPath = "PrecompiledWeb\localhost_64816\"
		Debug.AspNetCompiler.Updateable = "true"
		Debug.AspNetCompiler.ForceOverwrite = "true"
		Debug.AspNetCompiler.FixedNames = "false"
		Debug.AspNetCompiler.Debug = "True"
		Release.AspNetCompiler.VirtualPath = "/localhost_64816"
		Release.AspNetCompiler.PhysicalPath = "..\..\..\OneDrive\Escritorio\front\frontend_SistemaDeVentasCoder\"
		Release.AspNetCompiler.TargetPath = "PrecompiledWeb\localhost_64816\"
		Release.AspNetCompiler.Updateable = "true"
		Release.AspNetCompiler.ForceOverwrite = "true"
		Release.AspNetCompiler.FixedNames = "false"
		Release.AspNetCompiler.Debug = "False"
		VWDPort = "64816"
	EndProjectSection
EndProject
Global
	GlobalSection(SolutionConfigurationPlatforms) = preSolution
		Debug|Any CPU = Debug|Any CPU
		Release|Any CPU = Release|Any CPU
	EndGlobalSection
	GlobalSection(ProjectConfigurationPlatforms) = postSolution
		{7952AB49-9355-42C1-8CCA-4DF7546AC9F3}.Debug|Any CPU.ActiveCfg = Debug|Any CPU
		{7952AB49-9355-42C1-8CCA-4DF7546AC9F3}.Debug|Any CPU.Build.0 = Debug|Any CPU
		{7952AB49-9355-42C1-8CCA-4DF7546AC9F3}.Release|Any CPU.ActiveCfg = Release|Any CPU
		{7952AB49-9355-42C1-8CCA-4DF7546AC9F3}.Release|Any CPU.Build.0 = Release|Any CPU
		{B992F5F0-17B7-4B19-836A-643066E93933}.Debug|Any CPU.ActiveCfg = Debug|Any CPU
		{B992F5F0-17B7-4B19-836A-643066E93933}.Debug|Any CPU.Build.0 = Debug|Any CPU
		{B992F5F0-17B7-4B19-836A-643066E93933}.Release|Any CPU.ActiveCfg = Debug|Any CPU
		{B992F5F0-17B7-4B19-836A-643066E93933}.Release|Any CPU.Build.0 = Debug|Any CPU
	EndGlobalSection
	GlobalSection(SolutionProperties) = preSolution
		HideSolutionNode = FALSE
	EndGlobalSection
	GlobalSection(NestedProjects) = preSolution
		{7952AB49-9355-42C1-8CCA-4DF7546AC9F3} = {41A5C9D7-65FC-4914-B70D-A95069F1F4FB}
		{B992F5F0-17B7-4B19-836A-643066E93933} = {2B6B66D1-5CF7-4206-9D27-197FBA5095A4}
	EndGlobalSection
	GlobalSection(ExtensibilityGlobals) = postSolution
		SolutionGuid = {331BFA57-80FF-40B1-A991-9F98867FFE57}
	EndGlobalSection
EndGlobal
